
Microsoft Visual Studio Solution File, Format Version 12.00
# Visual Studio Version 17
VisualStudioVersion = 17.13.35913.81 d17.13
MinimumVisualStudioVersion = 10.0.40219.1
Project("{FAE04EC0-301F-11D3-BF4B-00C04F79EFBC}") = "HelloWorlAPI2", "HelloWorlAPI2\HelloWorlAPI2.csproj", "{CE2530DF-D683-43F6-8F59-1203961E52F4}"
EndProject
Global
	GlobalSection(SolutionConfigurationPlatforms) = preSolution
		Debug|Any CPU = Debug|Any CPU
		Release|Any CPU = Release|Any CPU
	EndGlobalSection
	GlobalSection(ProjectConfigurationPlatforms) = postSolution
		{CE2530DF-D683-43F6-8F59-1203961E52F4}.Debug|Any CPU.ActiveCfg = Debug|Any CPU
		{CE2530DF-D683-43F6-8F59-1203961E52F4}.Debug|Any CPU.Build.0 = Debug|Any CPU
		{CE2530DF-D683-43F6-8F59-1203961E52F4}.Release|Any CPU.ActiveCfg = Release|Any CPU
		{CE2530DF-D683-43F6-8F59-1203961E52F4}.Release|Any CPU.Build.0 = Release|Any CPU
	EndGlobalSection
	GlobalSection(SolutionProperties) = preSolution
		HideSolutionNode = FALSE
	EndGlobalSection
	GlobalSection(ExtensibilityGlobals) = postSolution
		SolutionGuid = {A1C824BB-B6AC-42A8-A75E-CE5991C9171B}
	EndGlobalSection
EndGlobal
