
Microsoft Visual Studio Solution File, Format Version 12.00
# Visual Studio Version 17
VisualStudioVersion = 17.13.35913.81 d17.13
MinimumVisualStudioVersion = 10.0.40219.1
Project("{FAE04EC0-301F-11D3-BF4B-00C04F79EFBC}") = "CalcPost", "CalcPost\CalcPost.csproj", "{084AFC58-80BC-451B-AE52-613BA5316E55}"
EndProject
Global
	GlobalSection(SolutionConfigurationPlatforms) = preSolution
		Debug|Any CPU = Debug|Any CPU
		Release|Any CPU = Release|Any CPU
	EndGlobalSection
	GlobalSection(ProjectConfigurationPlatforms) = postSolution
		{084AFC58-80BC-451B-AE52-613BA5316E55}.Debug|Any CPU.ActiveCfg = Debug|Any CPU
		{084AFC58-80BC-451B-AE52-613BA5316E55}.Debug|Any CPU.Build.0 = Debug|Any CPU
		{084AFC58-80BC-451B-AE52-613BA5316E55}.Release|Any CPU.ActiveCfg = Release|Any CPU
		{084AFC58-80BC-451B-AE52-613BA5316E55}.Release|Any CPU.Build.0 = Release|Any CPU
	EndGlobalSection
	GlobalSection(SolutionProperties) = preSolution
		HideSolutionNode = FALSE
	EndGlobalSection
	GlobalSection(ExtensibilityGlobals) = postSolution
		SolutionGuid = {905E42D0-341E-408B-9DAC-719CB25C98B8}
	EndGlobalSection
EndGlobal
